
Microsoft Visual Studio Solution File, Format Version 12.00
# Visual Studio Version 17
VisualStudioVersion = 17.12.35521.163
MinimumVisualStudioVersion = 10.0.40219.1
Project("{FAE04EC0-301F-11D3-BF4B-00C04F79EFBC}") = "RedisProjection", "RedisProjection\RedisProjection.csproj", "{DB8D4510-80BF-41BE-86B3-3EC2F43FC6F7}"
EndProject
Project("{2150E333-8FDC-42A3-9474-1A3956D46DE8}") = "Solution Items", "Solution Items", "{E650694A-3877-455C-8F9A-C8511527DF91}"
	ProjectSection(SolutionItems) = preProject
		docker-compose.yml = docker-compose.yml
		README.md = README.md
	EndProjectSection
EndProject
Project("{2150E333-8FDC-42A3-9474-1A3956D46DE8}") = ".devcontainer", ".devcontainer", "{B36CA7BF-9A24-4522-BE40-20C966A9670D}"
	ProjectSection(SolutionItems) = preProject
		.devcontainer\devcontainer.json = .devcontainer\devcontainer.json
		.devcontainer\Dockerfile = .devcontainer\Dockerfile
	EndProjectSection
EndProject
Project("{FAE04EC0-301F-11D3-BF4B-00C04F79EFBC}") = "PostgresProjection", "PostgresProjection\PostgresProjection.csproj", "{CB037517-E7CA-4FE1-96B1-EA286A739DDC}"
EndProject
Project("{FAE04EC0-301F-11D3-BF4B-00C04F79EFBC}") = "DemoWeb", "DemoWeb\DemoWeb.csproj", "{748E0FE3-4DD1-4B6F-9588-8F06D60229E6}"
EndProject
Project("{FAE04EC0-301F-11D3-BF4B-00C04F79EFBC}") = "Common", "Common\Common.csproj", "{04AF1E6F-8A62-4572-8C48-385DABF3789F}"
EndProject
Global
	GlobalSection(SolutionConfigurationPlatforms) = preSolution
		Debug|Any CPU = Debug|Any CPU
		Release|Any CPU = Release|Any CPU
	EndGlobalSection
	GlobalSection(ProjectConfigurationPlatforms) = postSolution
		{DB8D4510-80BF-41BE-86B3-3EC2F43FC6F7}.Debug|Any CPU.ActiveCfg = Debug|Any CPU
		{DB8D4510-80BF-41BE-86B3-3EC2F43FC6F7}.Debug|Any CPU.Build.0 = Debug|Any CPU
		{DB8D4510-80BF-41BE-86B3-3EC2F43FC6F7}.Release|Any CPU.ActiveCfg = Release|Any CPU
		{DB8D4510-80BF-41BE-86B3-3EC2F43FC6F7}.Release|Any CPU.Build.0 = Release|Any CPU
		{447E20F5-76DA-492D-883F-189EA7FAB8DE}.Debug|Any CPU.ActiveCfg = Debug|Any CPU
		{447E20F5-76DA-492D-883F-189EA7FAB8DE}.Debug|Any CPU.Build.0 = Debug|Any CPU
		{447E20F5-76DA-492D-883F-189EA7FAB8DE}.Release|Any CPU.ActiveCfg = Release|Any CPU
		{447E20F5-76DA-492D-883F-189EA7FAB8DE}.Release|Any CPU.Build.0 = Release|Any CPU
		{CB037517-E7CA-4FE1-96B1-EA286A739DDC}.Debug|Any CPU.ActiveCfg = Debug|Any CPU
		{CB037517-E7CA-4FE1-96B1-EA286A739DDC}.Debug|Any CPU.Build.0 = Debug|Any CPU
		{CB037517-E7CA-4FE1-96B1-EA286A739DDC}.Release|Any CPU.ActiveCfg = Release|Any CPU
		{CB037517-E7CA-4FE1-96B1-EA286A739DDC}.Release|Any CPU.Build.0 = Release|Any CPU
		{748E0FE3-4DD1-4B6F-9588-8F06D60229E6}.Debug|Any CPU.ActiveCfg = Debug|Any CPU
		{748E0FE3-4DD1-4B6F-9588-8F06D60229E6}.Debug|Any CPU.Build.0 = Debug|Any CPU
		{748E0FE3-4DD1-4B6F-9588-8F06D60229E6}.Release|Any CPU.ActiveCfg = Release|Any CPU
		{748E0FE3-4DD1-4B6F-9588-8F06D60229E6}.Release|Any CPU.Build.0 = Release|Any CPU
		{04AF1E6F-8A62-4572-8C48-385DABF3789F}.Debug|Any CPU.ActiveCfg = Debug|Any CPU
		{04AF1E6F-8A62-4572-8C48-385DABF3789F}.Debug|Any CPU.Build.0 = Debug|Any CPU
		{04AF1E6F-8A62-4572-8C48-385DABF3789F}.Release|Any CPU.ActiveCfg = Release|Any CPU
		{04AF1E6F-8A62-4572-8C48-385DABF3789F}.Release|Any CPU.Build.0 = Release|Any CPU
	EndGlobalSection
	GlobalSection(SolutionProperties) = preSolution
		HideSolutionNode = FALSE
	EndGlobalSection
	GlobalSection(NestedProjects) = preSolution
		{B36CA7BF-9A24-4522-BE40-20C966A9670D} = {E650694A-3877-455C-8F9A-C8511527DF91}
	EndGlobalSection
	GlobalSection(ExtensibilityGlobals) = postSolution
		SolutionGuid = {56E6AA91-F833-4BE0-A80C-C87FB6D87265}
	EndGlobalSection
EndGlobal
