
Microsoft Visual Studio Solution File, Format Version 12.00
# Visual Studio Version 17
VisualStudioVersion = 17.13.35913.81 d17.13
MinimumVisualStudioVersion = 10.0.40219.1
Project("{FAE04EC0-301F-11D3-BF4B-00C04F79EFBC}") = "PersistentSubscriptionOrderhandler", "PersistentSubscriptionOrderHandler\PersistentSubscriptionOrderhandler.csproj", "{24FC9842-2CA2-AF35-1A7E-139F64E06A88}"
EndProject
Global
	GlobalSection(SolutionConfigurationPlatforms) = preSolution
		Debug|Any CPU = Debug|Any CPU
		Release|Any CPU = Release|Any CPU
	EndGlobalSection
	GlobalSection(ProjectConfigurationPlatforms) = postSolution
		{24FC9842-2CA2-AF35-1A7E-139F64E06A88}.Debug|Any CPU.ActiveCfg = Debug|Any CPU
		{24FC9842-2CA2-AF35-1A7E-139F64E06A88}.Debug|Any CPU.Build.0 = Debug|Any CPU
		{24FC9842-2CA2-AF35-1A7E-139F64E06A88}.Release|Any CPU.ActiveCfg = Release|Any CPU
		{24FC9842-2CA2-AF35-1A7E-139F64E06A88}.Release|Any CPU.Build.0 = Release|Any CPU
	EndGlobalSection
	GlobalSection(SolutionProperties) = preSolution
		HideSolutionNode = FALSE
	EndGlobalSection
	GlobalSection(ExtensibilityGlobals) = postSolution
		SolutionGuid = {46D28C8C-A80C-49B4-8E83-B366A025DBBA}
	EndGlobalSection
EndGlobal
